
Microsoft Visual Studio Solution File, Format Version 12.00
# Visual Studio Version 17
VisualStudioVersion = 17.6.33829.357
MinimumVisualStudioVersion = 10.0.40219.1
Project("{9A19103F-16F7-4668-BE54-9A1E7A4F7556}") = "Acibitah", "Acibitah.csproj", "{3503112B-8A38-40EA-8468-22F6E536639A}"
EndProject
Project("{FAE04EC0-301F-11D3-BF4B-00C04F79EFBC}") = "Acibitah.Models", "..\Acibitah.Models\Acibitah.Models.csproj", "{98889F18-5A58-477C-96A5-75C1DB5E7225}"
EndProject
Project("{FAE04EC0-301F-11D3-BF4B-00C04F79EFBC}") = "Acibitah.Data", "..\Acibitah.Data\Acibitah.Data.csproj", "{1A8850CA-5498-4A46-A5EA-ED064D2FF34A}"
EndProject
Global
	GlobalSection(SolutionConfigurationPlatforms) = preSolution
		Debug|Any CPU = Debug|Any CPU
		Release|Any CPU = Release|Any CPU
	EndGlobalSection
	GlobalSection(ProjectConfigurationPlatforms) = postSolution
		{3503112B-8A38-40EA-8468-22F6E536639A}.Debug|Any CPU.ActiveCfg = Debug|Any CPU
		{3503112B-8A38-40EA-8468-22F6E536639A}.Debug|Any CPU.Build.0 = Debug|Any CPU
		{3503112B-8A38-40EA-8468-22F6E536639A}.Release|Any CPU.ActiveCfg = Release|Any CPU
		{3503112B-8A38-40EA-8468-22F6E536639A}.Release|Any CPU.Build.0 = Release|Any CPU
		{98889F18-5A58-477C-96A5-75C1DB5E7225}.Debug|Any CPU.ActiveCfg = Debug|Any CPU
		{98889F18-5A58-477C-96A5-75C1DB5E7225}.Debug|Any CPU.Build.0 = Debug|Any CPU
		{98889F18-5A58-477C-96A5-75C1DB5E7225}.Release|Any CPU.ActiveCfg = Release|Any CPU
		{98889F18-5A58-477C-96A5-75C1DB5E7225}.Release|Any CPU.Build.0 = Release|Any CPU
		{1A8850CA-5498-4A46-A5EA-ED064D2FF34A}.Debug|Any CPU.ActiveCfg = Debug|Any CPU
		{1A8850CA-5498-4A46-A5EA-ED064D2FF34A}.Debug|Any CPU.Build.0 = Debug|Any CPU
		{1A8850CA-5498-4A46-A5EA-ED064D2FF34A}.Release|Any CPU.ActiveCfg = Release|Any CPU
		{1A8850CA-5498-4A46-A5EA-ED064D2FF34A}.Release|Any CPU.Build.0 = Release|Any CPU
	EndGlobalSection
	GlobalSection(SolutionProperties) = preSolution
		HideSolutionNode = FALSE
	EndGlobalSection
	GlobalSection(ExtensibilityGlobals) = postSolution
		SolutionGuid = {36AC4CB0-61E3-49B8-A552-C207D1193CBB}
	EndGlobalSection
EndGlobal
